// !$*UTF8*$!
{
	archiveVersion = 1;
	classes = {
	};
	objectVersion = 56;
	objects = {

/* Begin PBXBuildFile section */
		7A1E196B2A8C74F9001BC124 /* README.md in Resources */ = {isa = PBXBuildFile; fileRef = 7A1E19692A8C74F9001BC124 /* README.md */; };
		7A49BA9F2A781D6500A3F2E7 /* StringExtension.swift in Sources */ = {isa = PBXBuildFile; fileRef = 7A49BA9E2A781D6500A3F2E7 /* StringExtension.swift */; };
		7A7985EA2A6B78AD00077E24 /* AppDelegate.swift in Sources */ = {isa = PBXBuildFile; fileRef = 7A7985E92A6B78AD00077E24 /* AppDelegate.swift */; };
		7A7985EC2A6B78AD00077E24 /* SceneDelegate.swift in Sources */ = {isa = PBXBuildFile; fileRef = 7A7985EB2A6B78AD00077E24 /* SceneDelegate.swift */; };
		7A7985EE2A6B78AD00077E24 /* PlayListViewController.swift in Sources */ = {isa = PBXBuildFile; fileRef = 7A7985ED2A6B78AD00077E24 /* PlayListViewController.swift */; };
		7A7985F12A6B78AD00077E24 /* Main.storyboard in Resources */ = {isa = PBXBuildFile; fileRef = 7A7985EF2A6B78AD00077E24 /* Main.storyboard */; };
		7A7985F32A6B78AD00077E24 /* Assets.xcassets in Resources */ = {isa = PBXBuildFile; fileRef = 7A7985F22A6B78AD00077E24 /* Assets.xcassets */; };
		7A7985F62A6B78AD00077E24 /* LaunchScreen.storyboard in Resources */ = {isa = PBXBuildFile; fileRef = 7A7985F42A6B78AD00077E24 /* LaunchScreen.storyboard */; };
		7A79861B2A6B79CC00077E24 /* YouTubeiOSPlayerHelper in Frameworks */ = {isa = PBXBuildFile; productRef = 7A79861A2A6B79CC00077E24 /* YouTubeiOSPlayerHelper */; };
		7A79861F2A6B7E9C00077E24 /* ConstParameter.swift in Sources */ = {isa = PBXBuildFile; fileRef = 7A79861E2A6B7E9C00077E24 /* ConstParameter.swift */; };
		7A7986242A6B7FE100077E24 /* HttpService.swift in Sources */ = {isa = PBXBuildFile; fileRef = 7A7986232A6B7FE100077E24 /* HttpService.swift */; };
		7A7986262A6BDBEC00077E24 /* HttpServiceTest.swift in Sources */ = {isa = PBXBuildFile; fileRef = 7A7986252A6BDBEC00077E24 /* HttpServiceTest.swift */; };
		7A7986282A6BDFBC00077E24 /* PlayListModel.swift in Sources */ = {isa = PBXBuildFile; fileRef = 7A7986272A6BDFBC00077E24 /* PlayListModel.swift */; };
		7A79862A2A6BE29300077E24 /* ChannelInfoModel.swift in Sources */ = {isa = PBXBuildFile; fileRef = 7A7986292A6BE29300077E24 /* ChannelInfoModel.swift */; };
		7A7986302A6BF15500077E24 /* YoutubeApiResponseModel.swift in Sources */ = {isa = PBXBuildFile; fileRef = 7A79862F2A6BF15500077E24 /* YoutubeApiResponseModel.swift */; };
		7A7986322A6C0E1B00077E24 /* YoutubeAPIPartEnum.swift in Sources */ = {isa = PBXBuildFile; fileRef = 7A7986312A6C0E1B00077E24 /* YoutubeAPIPartEnum.swift */; };
		7A7986372A6D1FD300077E24 /* PublishExtension.swift in Sources */ = {isa = PBXBuildFile; fileRef = 7A7986362A6D1FD300077E24 /* PublishExtension.swift */; };
		7A79863E2A6D2AE500077E24 /* PlayListTableViewCell.swift in Sources */ = {isa = PBXBuildFile; fileRef = 7A79863D2A6D2AE500077E24 /* PlayListTableViewCell.swift */; };
		7A993FF22A80D528003B6D3A /* Crypto in Frameworks */ = {isa = PBXBuildFile; productRef = 7A993FF12A80D528003B6D3A /* Crypto */; };
		7A993FF82A80F527003B6D3A /* YouTubeiOSPlayerHelper in Frameworks */ = {isa = PBXBuildFile; productRef = 7A993FF72A80F527003B6D3A /* YouTubeiOSPlayerHelper */; };
		7A993FFA2A80F52C003B6D3A /* MJRefresh in Frameworks */ = {isa = PBXBuildFile; productRef = 7A993FF92A80F52C003B6D3A /* MJRefresh */; };
		7A993FFC2A80FD9C003B6D3A /* TestParameter.swift in Sources */ = {isa = PBXBuildFile; fileRef = 7AA966452A73C67000F02E00 /* TestParameter.swift */; };
		7A9940022A814BB2003B6D3A /* skywatch_pretestUITestsLaunchTests.swift in Sources */ = {isa = PBXBuildFile; fileRef = 7A9940002A814BB2003B6D3A /* skywatch_pretestUITestsLaunchTests.swift */; };
		7A9940032A814BB2003B6D3A /* skywatch_pretestUITests.swift in Sources */ = {isa = PBXBuildFile; fileRef = 7A9940012A814BB2003B6D3A /* skywatch_pretestUITests.swift */; };
		7A9940052A814C2C003B6D3A /* ModelProtocol.swift in Sources */ = {isa = PBXBuildFile; fileRef = 7A9940042A814C2C003B6D3A /* ModelProtocol.swift */; };
		7A9940072A815AF2003B6D3A /* ServiceProtocol.swift in Sources */ = {isa = PBXBuildFile; fileRef = 7A9940062A815AF2003B6D3A /* ServiceProtocol.swift */; };
		7AA9661E2A6E562200F02E00 /* SnapKit in Frameworks */ = {isa = PBXBuildFile; productRef = 7AA9661D2A6E562200F02E00 /* SnapKit */; };
		7AA966202A6E59E200F02E00 /* UIImageExtension.swift in Sources */ = {isa = PBXBuildFile; fileRef = 7AA9661F2A6E59E200F02E00 /* UIImageExtension.swift */; };
		7AA966232A6E82CB00F02E00 /* MJRefresh in Frameworks */ = {isa = PBXBuildFile; productRef = 7AA966222A6E82CB00F02E00 /* MJRefresh */; settings = {ATTRIBUTES = (Required, ); }; };
		7AA966252A6FCD6100F02E00 /* DateExtension.swift in Sources */ = {isa = PBXBuildFile; fileRef = 7AA966242A6FCD6100F02E00 /* DateExtension.swift */; };
		7AA966272A6FD33B00F02E00 /* PlayListViewModel.swift in Sources */ = {isa = PBXBuildFile; fileRef = 7AA966262A6FD33B00F02E00 /* PlayListViewModel.swift */; };
		7AA9662C2A712B1300F02E00 /* ViewModelProtocol.swift in Sources */ = {isa = PBXBuildFile; fileRef = 7AA9662B2A712B1300F02E00 /* ViewModelProtocol.swift */; };
		7AA9662E2A712F7500F02E00 /* UserDefaultExtension.swift in Sources */ = {isa = PBXBuildFile; fileRef = 7AA9662D2A712F7500F02E00 /* UserDefaultExtension.swift */; };
		7AA966322A72811D00F02E00 /* PlayListViewModelTests.swift in Sources */ = {isa = PBXBuildFile; fileRef = 7AA966312A72811D00F02E00 /* PlayListViewModelTests.swift */; };
		7AA966352A72836400F02E00 /* MJRefresh in Frameworks */ = {isa = PBXBuildFile; productRef = 7AA966342A72836400F02E00 /* MJRefresh */; };
		7AA966372A728F3600F02E00 /* PlayerViewModelTests.swift in Sources */ = {isa = PBXBuildFile; fileRef = 7AA966362A728F3600F02E00 /* PlayerViewModelTests.swift */; };
		7AA966392A72901800F02E00 /* PlayerViewModel.swift in Sources */ = {isa = PBXBuildFile; fileRef = 7AA966382A72901800F02E00 /* PlayerViewModel.swift */; };
		7AA9663B2A73936D00F02E00 /* CommentThreadModel.swift in Sources */ = {isa = PBXBuildFile; fileRef = 7AA9663A2A73936D00F02E00 /* CommentThreadModel.swift */; };
		7AA966462A73C67000F02E00 /* TestParameter.swift in Sources */ = {isa = PBXBuildFile; fileRef = 7AA966452A73C67000F02E00 /* TestParameter.swift */; };
		7AA966492A76207C00F02E00 /* PlayerViewController.swift in Sources */ = {isa = PBXBuildFile; fileRef = 7AA966482A76207C00F02E00 /* PlayerViewController.swift */; };
		7AA9664D2A76283800F02E00 /* DismissAnimator.swift in Sources */ = {isa = PBXBuildFile; fileRef = 7AA9664B2A76283800F02E00 /* DismissAnimator.swift */; };
		7AA9664E2A76283800F02E00 /* Interactor.swift in Sources */ = {isa = PBXBuildFile; fileRef = 7AA9664C2A76283800F02E00 /* Interactor.swift */; };
		7AA966522A77569700F02E00 /* YouTubeiOSPlayerHelper in Frameworks */ = {isa = PBXBuildFile; productRef = 7AA966512A77569700F02E00 /* YouTubeiOSPlayerHelper */; };
		7AA966542A7777B200F02E00 /* CommentTableViewCell.swift in Sources */ = {isa = PBXBuildFile; fileRef = 7AA966532A7777B200F02E00 /* CommentTableViewCell.swift */; };
		7ABD63522A81EF060093691E /* MockHttpService.swift in Sources */ = {isa = PBXBuildFile; fileRef = 7ABD63512A81EF060093691E /* MockHttpService.swift */; };
		7ABD63582A81FE230093691E /* PlayListData.json in Resources */ = {isa = PBXBuildFile; fileRef = 7ABD63562A81FE230093691E /* PlayListData.json */; };
		7ABD63592A81FE230093691E /* ChannelData.json in Resources */ = {isa = PBXBuildFile; fileRef = 7ABD63572A81FE230093691E /* ChannelData.json */; };
		7ABD635B2A81FF3B0093691E /* CommentThreadData.json in Resources */ = {isa = PBXBuildFile; fileRef = 7ABD635A2A81FF3B0093691E /* CommentThreadData.json */; };
		7ABD635E2A8205F20093691E /* CommentThreadData_next.json in Resources */ = {isa = PBXBuildFile; fileRef = 7ABD635C2A8205F20093691E /* CommentThreadData_next.json */; };
		7ABD635F2A8205F20093691E /* PlayListData_next.json in Resources */ = {isa = PBXBuildFile; fileRef = 7ABD635D2A8205F20093691E /* PlayListData_next.json */; };
/* End PBXBuildFile section */

/* Begin PBXContainerItemProxy section */
		7A7985FD2A6B78AE00077E24 /* PBXContainerItemProxy */ = {
			isa = PBXContainerItemProxy;
			containerPortal = 7A7985DE2A6B78AD00077E24 /* Project object */;
			proxyType = 1;
			remoteGlobalIDString = 7A7985E52A6B78AD00077E24;
			remoteInfo = skywatch_pretest;
		};
		7A7986072A6B78AE00077E24 /* PBXContainerItemProxy */ = {
			isa = PBXContainerItemProxy;
			containerPortal = 7A7985DE2A6B78AD00077E24 /* Project object */;
			proxyType = 1;
			remoteGlobalIDString = 7A7985E52A6B78AD00077E24;
			remoteInfo = skywatch_pretest;
		};
/* End PBXContainerItemProxy section */

/* Begin PBXFileReference section */
		7A1E19692A8C74F9001BC124 /* README.md */ = {isa = PBXFileReference; fileEncoding = 4; lastKnownFileType = net.daringfireball.markdown; path = README.md; sourceTree = "<group>"; };
		7A1E196E2A8C7570001BC124 /* Info.plist */ = {isa = PBXFileReference; lastKnownFileType = text.plist.xml; path = Info.plist; sourceTree = "<group>"; };
		7A49BA9E2A781D6500A3F2E7 /* StringExtension.swift */ = {isa = PBXFileReference; lastKnownFileType = sourcecode.swift; path = StringExtension.swift; sourceTree = "<group>"; };
		7A7985E62A6B78AD00077E24 /* skywatch_pretest.app */ = {isa = PBXFileReference; explicitFileType = wrapper.application; includeInIndex = 0; path = skywatch_pretest.app; sourceTree = BUILT_PRODUCTS_DIR; };
		7A7985E92A6B78AD00077E24 /* AppDelegate.swift */ = {isa = PBXFileReference; lastKnownFileType = sourcecode.swift; path = AppDelegate.swift; sourceTree = "<group>"; };
		7A7985EB2A6B78AD00077E24 /* SceneDelegate.swift */ = {isa = PBXFileReference; lastKnownFileType = sourcecode.swift; path = SceneDelegate.swift; sourceTree = "<group>"; };
		7A7985ED2A6B78AD00077E24 /* PlayListViewController.swift */ = {isa = PBXFileReference; lastKnownFileType = sourcecode.swift; path = PlayListViewController.swift; sourceTree = "<group>"; };
		7A7985F02A6B78AD00077E24 /* Base */ = {isa = PBXFileReference; lastKnownFileType = file.storyboard; name = Base; path = Base.lproj/Main.storyboard; sourceTree = "<group>"; };
		7A7985F22A6B78AD00077E24 /* Assets.xcassets */ = {isa = PBXFileReference; lastKnownFileType = folder.assetcatalog; path = Assets.xcassets; sourceTree = "<group>"; };
		7A7985F52A6B78AD00077E24 /* Base */ = {isa = PBXFileReference; lastKnownFileType = file.storyboard; name = Base; path = Base.lproj/LaunchScreen.storyboard; sourceTree = "<group>"; };
		7A7985FC2A6B78AE00077E24 /* skywatch_pretestTests.xctest */ = {isa = PBXFileReference; explicitFileType = wrapper.cfbundle; includeInIndex = 0; path = skywatch_pretestTests.xctest; sourceTree = BUILT_PRODUCTS_DIR; };
		7A7986062A6B78AE00077E24 /* skywatch_pretestUITests.xctest */ = {isa = PBXFileReference; explicitFileType = wrapper.cfbundle; includeInIndex = 0; path = skywatch_pretestUITests.xctest; sourceTree = BUILT_PRODUCTS_DIR; };
		7A79861E2A6B7E9C00077E24 /* ConstParameter.swift */ = {isa = PBXFileReference; lastKnownFileType = sourcecode.swift; path = ConstParameter.swift; sourceTree = "<group>"; };
		7A7986232A6B7FE100077E24 /* HttpService.swift */ = {isa = PBXFileReference; lastKnownFileType = sourcecode.swift; path = HttpService.swift; sourceTree = "<group>"; };
		7A7986252A6BDBEC00077E24 /* HttpServiceTest.swift */ = {isa = PBXFileReference; lastKnownFileType = sourcecode.swift; path = HttpServiceTest.swift; sourceTree = "<group>"; };
		7A7986272A6BDFBC00077E24 /* PlayListModel.swift */ = {isa = PBXFileReference; lastKnownFileType = sourcecode.swift; path = PlayListModel.swift; sourceTree = "<group>"; };
		7A7986292A6BE29300077E24 /* ChannelInfoModel.swift */ = {isa = PBXFileReference; lastKnownFileType = sourcecode.swift; path = ChannelInfoModel.swift; sourceTree = "<group>"; };
		7A79862F2A6BF15500077E24 /* YoutubeApiResponseModel.swift */ = {isa = PBXFileReference; lastKnownFileType = sourcecode.swift; path = YoutubeApiResponseModel.swift; sourceTree = "<group>"; };
		7A7986312A6C0E1B00077E24 /* YoutubeAPIPartEnum.swift */ = {isa = PBXFileReference; lastKnownFileType = sourcecode.swift; path = YoutubeAPIPartEnum.swift; sourceTree = "<group>"; };
		7A7986362A6D1FD300077E24 /* PublishExtension.swift */ = {isa = PBXFileReference; lastKnownFileType = sourcecode.swift; path = PublishExtension.swift; sourceTree = "<group>"; };
		7A79863D2A6D2AE500077E24 /* PlayListTableViewCell.swift */ = {isa = PBXFileReference; lastKnownFileType = sourcecode.swift; path = PlayListTableViewCell.swift; sourceTree = "<group>"; };
		7A993FF32A80E6D2003B6D3A /* skywatch_pretest.xctestplan */ = {isa = PBXFileReference; lastKnownFileType = text; path = skywatch_pretest.xctestplan; sourceTree = "<group>"; };
		7A9940002A814BB2003B6D3A /* skywatch_pretestUITestsLaunchTests.swift */ = {isa = PBXFileReference; fileEncoding = 4; lastKnownFileType = sourcecode.swift; path = skywatch_pretestUITestsLaunchTests.swift; sourceTree = "<group>"; };
		7A9940012A814BB2003B6D3A /* skywatch_pretestUITests.swift */ = {isa = PBXFileReference; fileEncoding = 4; lastKnownFileType = sourcecode.swift; path = skywatch_pretestUITests.swift; sourceTree = "<group>"; };
		7A9940042A814C2C003B6D3A /* ModelProtocol.swift */ = {isa = PBXFileReference; lastKnownFileType = sourcecode.swift; path = ModelProtocol.swift; sourceTree = "<group>"; };
		7A9940062A815AF2003B6D3A /* ServiceProtocol.swift */ = {isa = PBXFileReference; lastKnownFileType = sourcecode.swift; path = ServiceProtocol.swift; sourceTree = "<group>"; };
		7AA9661F2A6E59E200F02E00 /* UIImageExtension.swift */ = {isa = PBXFileReference; lastKnownFileType = sourcecode.swift; path = UIImageExtension.swift; sourceTree = "<group>"; };
		7AA966242A6FCD6100F02E00 /* DateExtension.swift */ = {isa = PBXFileReference; lastKnownFileType = sourcecode.swift; path = DateExtension.swift; sourceTree = "<group>"; };
		7AA966262A6FD33B00F02E00 /* PlayListViewModel.swift */ = {isa = PBXFileReference; lastKnownFileType = sourcecode.swift; path = PlayListViewModel.swift; sourceTree = "<group>"; };
		7AA9662B2A712B1300F02E00 /* ViewModelProtocol.swift */ = {isa = PBXFileReference; lastKnownFileType = sourcecode.swift; path = ViewModelProtocol.swift; sourceTree = "<group>"; };
		7AA9662D2A712F7500F02E00 /* UserDefaultExtension.swift */ = {isa = PBXFileReference; lastKnownFileType = sourcecode.swift; path = UserDefaultExtension.swift; sourceTree = "<group>"; };
		7AA966312A72811D00F02E00 /* PlayListViewModelTests.swift */ = {isa = PBXFileReference; lastKnownFileType = sourcecode.swift; path = PlayListViewModelTests.swift; sourceTree = "<group>"; };
		7AA966362A728F3600F02E00 /* PlayerViewModelTests.swift */ = {isa = PBXFileReference; lastKnownFileType = sourcecode.swift; path = PlayerViewModelTests.swift; sourceTree = "<group>"; };
		7AA966382A72901800F02E00 /* PlayerViewModel.swift */ = {isa = PBXFileReference; lastKnownFileType = sourcecode.swift; path = PlayerViewModel.swift; sourceTree = "<group>"; };
		7AA9663A2A73936D00F02E00 /* CommentThreadModel.swift */ = {isa = PBXFileReference; lastKnownFileType = sourcecode.swift; path = CommentThreadModel.swift; sourceTree = "<group>"; };
		7AA966452A73C67000F02E00 /* TestParameter.swift */ = {isa = PBXFileReference; lastKnownFileType = sourcecode.swift; path = TestParameter.swift; sourceTree = "<group>"; };
		7AA966482A76207C00F02E00 /* PlayerViewController.swift */ = {isa = PBXFileReference; lastKnownFileType = sourcecode.swift; path = PlayerViewController.swift; sourceTree = "<group>"; };
		7AA9664B2A76283800F02E00 /* DismissAnimator.swift */ = {isa = PBXFileReference; fileEncoding = 4; lastKnownFileType = sourcecode.swift; path = DismissAnimator.swift; sourceTree = "<group>"; };
		7AA9664C2A76283800F02E00 /* Interactor.swift */ = {isa = PBXFileReference; fileEncoding = 4; lastKnownFileType = sourcecode.swift; path = Interactor.swift; sourceTree = "<group>"; };
		7AA966532A7777B200F02E00 /* CommentTableViewCell.swift */ = {isa = PBXFileReference; lastKnownFileType = sourcecode.swift; path = CommentTableViewCell.swift; sourceTree = "<group>"; };
		7ABD63512A81EF060093691E /* MockHttpService.swift */ = {isa = PBXFileReference; lastKnownFileType = sourcecode.swift; path = MockHttpService.swift; sourceTree = "<group>"; };
		7ABD63562A81FE230093691E /* PlayListData.json */ = {isa = PBXFileReference; fileEncoding = 4; lastKnownFileType = text.json; path = PlayListData.json; sourceTree = "<group>"; };
		7ABD63572A81FE230093691E /* ChannelData.json */ = {isa = PBXFileReference; fileEncoding = 4; lastKnownFileType = text.json; path = ChannelData.json; sourceTree = "<group>"; };
		7ABD635A2A81FF3B0093691E /* CommentThreadData.json */ = {isa = PBXFileReference; fileEncoding = 4; lastKnownFileType = text.json; path = CommentThreadData.json; sourceTree = "<group>"; };
		7ABD635C2A8205F20093691E /* CommentThreadData_next.json */ = {isa = PBXFileReference; fileEncoding = 4; lastKnownFileType = text.json; path = CommentThreadData_next.json; sourceTree = "<group>"; };
		7ABD635D2A8205F20093691E /* PlayListData_next.json */ = {isa = PBXFileReference; fileEncoding = 4; lastKnownFileType = text.json; path = PlayListData_next.json; sourceTree = "<group>"; };
/* End PBXFileReference section */

/* Begin PBXFrameworksBuildPhase section */
		7A7985E32A6B78AD00077E24 /* Frameworks */ = {
			isa = PBXFrameworksBuildPhase;
			buildActionMask = 2147483647;
			files = (
				7A79861B2A6B79CC00077E24 /* YouTubeiOSPlayerHelper in Frameworks */,
				7AA966232A6E82CB00F02E00 /* MJRefresh in Frameworks */,
				7AA9661E2A6E562200F02E00 /* SnapKit in Frameworks */,
				7A993FF22A80D528003B6D3A /* Crypto in Frameworks */,
			);
			runOnlyForDeploymentPostprocessing = 0;
		};
		7A7985F92A6B78AE00077E24 /* Frameworks */ = {
			isa = PBXFrameworksBuildPhase;
			buildActionMask = 2147483647;
			files = (
				7AA966352A72836400F02E00 /* MJRefresh in Frameworks */,
				7AA966522A77569700F02E00 /* YouTubeiOSPlayerHelper in Frameworks */,
			);
			runOnlyForDeploymentPostprocessing = 0;
		};
		7A7986032A6B78AE00077E24 /* Frameworks */ = {
			isa = PBXFrameworksBuildPhase;
			buildActionMask = 2147483647;
			files = (
				7A993FF82A80F527003B6D3A /* YouTubeiOSPlayerHelper in Frameworks */,
				7A993FFA2A80F52C003B6D3A /* MJRefresh in Frameworks */,
			);
			runOnlyForDeploymentPostprocessing = 0;
		};
/* End PBXFrameworksBuildPhase section */

/* Begin PBXGroup section */
		7A1E19682A8C74F9001BC124 /* SecurityFile */ = {
			isa = PBXGroup;
			children = (
				7A1E196E2A8C7570001BC124 /* Info.plist */,
				7A1E19692A8C74F9001BC124 /* README.md */,
			);
			path = SecurityFile;
			sourceTree = "<group>";
		};
		7A7985DD2A6B78AD00077E24 = {
			isa = PBXGroup;
			children = (
				7A993FF32A80E6D2003B6D3A /* skywatch_pretest.xctestplan */,
				7A7985E82A6B78AD00077E24 /* skywatch_pretest */,
				7A7985FF2A6B78AE00077E24 /* skywatch_pretestTests */,
				7A7986092A6B78AE00077E24 /* skywatch_pretestUITests */,
				7A7985E72A6B78AD00077E24 /* Products */,
				7AA966332A72836400F02E00 /* Frameworks */,
			);
			sourceTree = "<group>";
		};
		7A7985E72A6B78AD00077E24 /* Products */ = {
			isa = PBXGroup;
			children = (
				7A7985E62A6B78AD00077E24 /* skywatch_pretest.app */,
				7A7985FC2A6B78AE00077E24 /* skywatch_pretestTests.xctest */,
				7A7986062A6B78AE00077E24 /* skywatch_pretestUITests.xctest */,
			);
			name = Products;
			sourceTree = "<group>";
		};
		7A7985E82A6B78AD00077E24 /* skywatch_pretest */ = {
			isa = PBXGroup;
			children = (
				7A1E19682A8C74F9001BC124 /* SecurityFile */,
				7A7986382A6D25E500077E24 /* View */,
				7A79861C2A6B7DC900077E24 /* Model */,
				7A7986332A6D1BE700077E24 /* ViewModel */,
				7A7986202A6B7FBE00077E24 /* Service */,
				7A79861D2A6B7E6500077E24 /* SupportFile */,
				7A7985E92A6B78AD00077E24 /* AppDelegate.swift */,
				7A7985EB2A6B78AD00077E24 /* SceneDelegate.swift */,
				7A7985F22A6B78AD00077E24 /* Assets.xcassets */,
				7A7985F42A6B78AD00077E24 /* LaunchScreen.storyboard */,
			);
			path = skywatch_pretest;
			sourceTree = "<group>";
		};
		7A7985FF2A6B78AE00077E24 /* skywatch_pretestTests */ = {
			isa = PBXGroup;
			children = (
				7AA966472A73C76100F02E00 /* TestCase */,
				7AA966452A73C67000F02E00 /* TestParameter.swift */,
			);
			path = skywatch_pretestTests;
			sourceTree = "<group>";
		};
		7A7986092A6B78AE00077E24 /* skywatch_pretestUITests */ = {
			isa = PBXGroup;
			children = (
				7A9940012A814BB2003B6D3A /* skywatch_pretestUITests.swift */,
				7A9940002A814BB2003B6D3A /* skywatch_pretestUITestsLaunchTests.swift */,
			);
			path = skywatch_pretestUITests;
			sourceTree = "<group>";
		};
		7A79861C2A6B7DC900077E24 /* Model */ = {
			isa = PBXGroup;
			children = (
				7A7986272A6BDFBC00077E24 /* PlayListModel.swift */,
				7A7986292A6BE29300077E24 /* ChannelInfoModel.swift */,
				7AA9663A2A73936D00F02E00 /* CommentThreadModel.swift */,
				7A79862F2A6BF15500077E24 /* YoutubeApiResponseModel.swift */,
			);
			path = Model;
			sourceTree = "<group>";
		};
		7A79861D2A6B7E6500077E24 /* SupportFile */ = {
			isa = PBXGroup;
			children = (
				7AA9664A2A76281E00F02E00 /* Dismiss */,
				7AA9662A2A712AEE00F02E00 /* Protocol */,
				7A7986352A6D1FC000077E24 /* Extension */,
				7A79861E2A6B7E9C00077E24 /* ConstParameter.swift */,
				7A7986312A6C0E1B00077E24 /* YoutubeAPIPartEnum.swift */,
			);
			path = SupportFile;
			sourceTree = "<group>";
		};
		7A7986202A6B7FBE00077E24 /* Service */ = {
			isa = PBXGroup;
			children = (
				7ABD63532A81FA350093691E /* MockData */,
				7A7986232A6B7FE100077E24 /* HttpService.swift */,
				7ABD63512A81EF060093691E /* MockHttpService.swift */,
			);
			path = Service;
			sourceTree = "<group>";
		};
		7A7986332A6D1BE700077E24 /* ViewModel */ = {
			isa = PBXGroup;
			children = (
				7AA966262A6FD33B00F02E00 /* PlayListViewModel.swift */,
				7AA966382A72901800F02E00 /* PlayerViewModel.swift */,
			);
			path = ViewModel;
			sourceTree = "<group>";
		};
		7A7986342A6D1CD000077E24 /* Controller */ = {
			isa = PBXGroup;
			children = (
				7A7985ED2A6B78AD00077E24 /* PlayListViewController.swift */,
				7AA966482A76207C00F02E00 /* PlayerViewController.swift */,
			);
			path = Controller;
			sourceTree = "<group>";
		};
		7A7986352A6D1FC000077E24 /* Extension */ = {
			isa = PBXGroup;
			children = (
				7A7986362A6D1FD300077E24 /* PublishExtension.swift */,
				7AA9661F2A6E59E200F02E00 /* UIImageExtension.swift */,
				7AA966242A6FCD6100F02E00 /* DateExtension.swift */,
				7AA9662D2A712F7500F02E00 /* UserDefaultExtension.swift */,
				7A49BA9E2A781D6500A3F2E7 /* StringExtension.swift */,
			);
			path = Extension;
			sourceTree = "<group>";
		};
		7A7986382A6D25E500077E24 /* View */ = {
			isa = PBXGroup;
			children = (
				7A7985EF2A6B78AD00077E24 /* Main.storyboard */,
				7A7986392A6D25EE00077E24 /* Cell */,
				7A7986342A6D1CD000077E24 /* Controller */,
			);
			path = View;
			sourceTree = "<group>";
		};
		7A7986392A6D25EE00077E24 /* Cell */ = {
			isa = PBXGroup;
			children = (
				7A79863D2A6D2AE500077E24 /* PlayListTableViewCell.swift */,
				7AA966532A7777B200F02E00 /* CommentTableViewCell.swift */,
			);
			path = Cell;
			sourceTree = "<group>";
		};
		7AA9662A2A712AEE00F02E00 /* Protocol */ = {
			isa = PBXGroup;
			children = (
				7AA9662B2A712B1300F02E00 /* ViewModelProtocol.swift */,
				7A9940042A814C2C003B6D3A /* ModelProtocol.swift */,
				7A9940062A815AF2003B6D3A /* ServiceProtocol.swift */,
			);
			path = Protocol;
			sourceTree = "<group>";
		};
		7AA966332A72836400F02E00 /* Frameworks */ = {
			isa = PBXGroup;
			children = (
			);
			name = Frameworks;
			sourceTree = "<group>";
		};
		7AA966472A73C76100F02E00 /* TestCase */ = {
			isa = PBXGroup;
			children = (
				7A7986252A6BDBEC00077E24 /* HttpServiceTest.swift */,
				7AA966312A72811D00F02E00 /* PlayListViewModelTests.swift */,
				7AA966362A728F3600F02E00 /* PlayerViewModelTests.swift */,
			);
			path = TestCase;
			sourceTree = "<group>";
		};
		7AA9664A2A76281E00F02E00 /* Dismiss */ = {
			isa = PBXGroup;
			children = (
				7AA9664B2A76283800F02E00 /* DismissAnimator.swift */,
				7AA9664C2A76283800F02E00 /* Interactor.swift */,
			);
			path = Dismiss;
			sourceTree = "<group>";
		};
		7ABD63532A81FA350093691E /* MockData */ = {
			isa = PBXGroup;
			children = (
				7ABD635A2A81FF3B0093691E /* CommentThreadData.json */,
				7ABD635C2A8205F20093691E /* CommentThreadData_next.json */,
				7ABD63572A81FE230093691E /* ChannelData.json */,
				7ABD63562A81FE230093691E /* PlayListData.json */,
				7ABD635D2A8205F20093691E /* PlayListData_next.json */,
			);
			path = MockData;
			sourceTree = "<group>";
		};
/* End PBXGroup section */

/* Begin PBXNativeTarget section */
		7A7985E52A6B78AD00077E24 /* skywatch_pretest */ = {
			isa = PBXNativeTarget;
			buildConfigurationList = 7A7986102A6B78AE00077E24 /* Build configuration list for PBXNativeTarget "skywatch_pretest" */;
			buildPhases = (
				7A7985E22A6B78AD00077E24 /* Sources */,
				7A7985E32A6B78AD00077E24 /* Frameworks */,
				7A7985E42A6B78AD00077E24 /* Resources */,
			);
			buildRules = (
			);
			dependencies = (
				7AC653E92A8DB9B100EC09CC /* PBXTargetDependency */,
			);
			name = skywatch_pretest;
			packageProductDependencies = (
				7A79861A2A6B79CC00077E24 /* YouTubeiOSPlayerHelper */,
				7AA9661D2A6E562200F02E00 /* SnapKit */,
				7AA966222A6E82CB00F02E00 /* MJRefresh */,
				7A993FF12A80D528003B6D3A /* Crypto */,
			);
			productName = skywatch_pretest;
			productReference = 7A7985E62A6B78AD00077E24 /* skywatch_pretest.app */;
			productType = "com.apple.product-type.application";
		};
		7A7985FB2A6B78AE00077E24 /* skywatch_pretestTests */ = {
			isa = PBXNativeTarget;
			buildConfigurationList = 7A7986132A6B78AE00077E24 /* Build configuration list for PBXNativeTarget "skywatch_pretestTests" */;
			buildPhases = (
				7A7985F82A6B78AE00077E24 /* Sources */,
				7A7985F92A6B78AE00077E24 /* Frameworks */,
				7A7985FA2A6B78AE00077E24 /* Resources */,
			);
			buildRules = (
			);
			dependencies = (
				7A7985FE2A6B78AE00077E24 /* PBXTargetDependency */,
			);
			name = skywatch_pretestTests;
			packageProductDependencies = (
				7AA966342A72836400F02E00 /* MJRefresh */,
				7AA966512A77569700F02E00 /* YouTubeiOSPlayerHelper */,
			);
			productName = skywatch_pretestTests;
			productReference = 7A7985FC2A6B78AE00077E24 /* skywatch_pretestTests.xctest */;
			productType = "com.apple.product-type.bundle.unit-test";
		};
		7A7986052A6B78AE00077E24 /* skywatch_pretestUITests */ = {
			isa = PBXNativeTarget;
			buildConfigurationList = 7A7986162A6B78AE00077E24 /* Build configuration list for PBXNativeTarget "skywatch_pretestUITests" */;
			buildPhases = (
				7A7986022A6B78AE00077E24 /* Sources */,
				7A7986032A6B78AE00077E24 /* Frameworks */,
				7A7986042A6B78AE00077E24 /* Resources */,
			);
			buildRules = (
			);
			dependencies = (
				7A7986082A6B78AE00077E24 /* PBXTargetDependency */,
			);
			name = skywatch_pretestUITests;
			packageProductDependencies = (
				7A993FF72A80F527003B6D3A /* YouTubeiOSPlayerHelper */,
				7A993FF92A80F52C003B6D3A /* MJRefresh */,
			);
			productName = skywatch_pretestUITests;
			productReference = 7A7986062A6B78AE00077E24 /* skywatch_pretestUITests.xctest */;
			productType = "com.apple.product-type.bundle.ui-testing";
		};
/* End PBXNativeTarget section */

/* Begin PBXProject section */
		7A7985DE2A6B78AD00077E24 /* Project object */ = {
			isa = PBXProject;
			attributes = {
				BuildIndependentTargetsInParallel = 1;
				LastSwiftUpdateCheck = 1430;
				LastUpgradeCheck = 1430;
				TargetAttributes = {
					7A7985E52A6B78AD00077E24 = {
						CreatedOnToolsVersion = 14.3.1;
					};
					7A7985FB2A6B78AE00077E24 = {
						CreatedOnToolsVersion = 14.3.1;
						TestTargetID = 7A7985E52A6B78AD00077E24;
					};
					7A7986052A6B78AE00077E24 = {
						CreatedOnToolsVersion = 14.3.1;
						TestTargetID = 7A7985E52A6B78AD00077E24;
					};
				};
			};
			buildConfigurationList = 7A7985E12A6B78AD00077E24 /* Build configuration list for PBXProject "skywatch_pretest" */;
			compatibilityVersion = "Xcode 14.0";
			developmentRegion = en;
			hasScannedForEncodings = 0;
			knownRegions = (
				en,
				Base,
			);
			mainGroup = 7A7985DD2A6B78AD00077E24;
			packageReferences = (
				7A7986192A6B79CC00077E24 /* XCRemoteSwiftPackageReference "youtube-ios-player-helper" */,
				7AA9661C2A6E562200F02E00 /* XCRemoteSwiftPackageReference "SnapKit" */,
				7AA966212A6E82CB00F02E00 /* XCRemoteSwiftPackageReference "MJRefresh" */,
				7A993FF02A80D528003B6D3A /* XCRemoteSwiftPackageReference "swift-crypto" */,
				7AC653E72A8DB99A00EC09CC /* XCRemoteSwiftPackageReference "SwiftLint" */,
			);
			productRefGroup = 7A7985E72A6B78AD00077E24 /* Products */;
			projectDirPath = "";
			projectRoot = "";
			targets = (
				7A7985E52A6B78AD00077E24 /* skywatch_pretest */,
				7A7985FB2A6B78AE00077E24 /* skywatch_pretestTests */,
				7A7986052A6B78AE00077E24 /* skywatch_pretestUITests */,
			);
		};
/* End PBXProject section */

/* Begin PBXResourcesBuildPhase section */
		7A7985E42A6B78AD00077E24 /* Resources */ = {
			isa = PBXResourcesBuildPhase;
			buildActionMask = 2147483647;
			files = (
				7ABD635F2A8205F20093691E /* PlayListData_next.json in Resources */,
				7ABD635E2A8205F20093691E /* CommentThreadData_next.json in Resources */,
				7A7985F62A6B78AD00077E24 /* LaunchScreen.storyboard in Resources */,
				7ABD63582A81FE230093691E /* PlayListData.json in Resources */,
				7ABD63592A81FE230093691E /* ChannelData.json in Resources */,
				7A7985F32A6B78AD00077E24 /* Assets.xcassets in Resources */,
				7A1E196B2A8C74F9001BC124 /* README.md in Resources */,
				7A7985F12A6B78AD00077E24 /* Main.storyboard in Resources */,
				7ABD635B2A81FF3B0093691E /* CommentThreadData.json in Resources */,
			);
			runOnlyForDeploymentPostprocessing = 0;
		};
		7A7985FA2A6B78AE00077E24 /* Resources */ = {
			isa = PBXResourcesBuildPhase;
			buildActionMask = 2147483647;
			files = (
			);
			runOnlyForDeploymentPostprocessing = 0;
		};
		7A7986042A6B78AE00077E24 /* Resources */ = {
			isa = PBXResourcesBuildPhase;
			buildActionMask = 2147483647;
			files = (
			);
			runOnlyForDeploymentPostprocessing = 0;
		};
/* End PBXResourcesBuildPhase section */

/* Begin PBXSourcesBuildPhase section */
		7A7985E22A6B78AD00077E24 /* Sources */ = {
			isa = PBXSourcesBuildPhase;
			buildActionMask = 2147483647;
			files = (
				7AA966272A6FD33B00F02E00 /* PlayListViewModel.swift in Sources */,
				7A7986322A6C0E1B00077E24 /* YoutubeAPIPartEnum.swift in Sources */,
				7AA9664E2A76283800F02E00 /* Interactor.swift in Sources */,
				7AA966542A7777B200F02E00 /* CommentTableViewCell.swift in Sources */,
				7AA966252A6FCD6100F02E00 /* DateExtension.swift in Sources */,
				7A7986242A6B7FE100077E24 /* HttpService.swift in Sources */,
				7AA9663B2A73936D00F02E00 /* CommentThreadModel.swift in Sources */,
				7AA966202A6E59E200F02E00 /* UIImageExtension.swift in Sources */,
				7A7985EE2A6B78AD00077E24 /* PlayListViewController.swift in Sources */,
				7A9940072A815AF2003B6D3A /* ServiceProtocol.swift in Sources */,
				7A7985EA2A6B78AD00077E24 /* AppDelegate.swift in Sources */,
				7AA9662E2A712F7500F02E00 /* UserDefaultExtension.swift in Sources */,
				7AA966492A76207C00F02E00 /* PlayerViewController.swift in Sources */,
				7A9940052A814C2C003B6D3A /* ModelProtocol.swift in Sources */,
				7AA966392A72901800F02E00 /* PlayerViewModel.swift in Sources */,
				7A7986302A6BF15500077E24 /* YoutubeApiResponseModel.swift in Sources */,
				7AA9664D2A76283800F02E00 /* DismissAnimator.swift in Sources */,
				7A79862A2A6BE29300077E24 /* ChannelInfoModel.swift in Sources */,
				7A7986282A6BDFBC00077E24 /* PlayListModel.swift in Sources */,
				7A7986372A6D1FD300077E24 /* PublishExtension.swift in Sources */,
				7A7985EC2A6B78AD00077E24 /* SceneDelegate.swift in Sources */,
				7A49BA9F2A781D6500A3F2E7 /* StringExtension.swift in Sources */,
				7A79861F2A6B7E9C00077E24 /* ConstParameter.swift in Sources */,
				7AA9662C2A712B1300F02E00 /* ViewModelProtocol.swift in Sources */,
				7ABD63522A81EF060093691E /* MockHttpService.swift in Sources */,
				7A79863E2A6D2AE500077E24 /* PlayListTableViewCell.swift in Sources */,
			);
			runOnlyForDeploymentPostprocessing = 0;
		};
		7A7985F82A6B78AE00077E24 /* Sources */ = {
			isa = PBXSourcesBuildPhase;
			buildActionMask = 2147483647;
			files = (
				7AA966322A72811D00F02E00 /* PlayListViewModelTests.swift in Sources */,
				7AA966372A728F3600F02E00 /* PlayerViewModelTests.swift in Sources */,
				7A7986262A6BDBEC00077E24 /* HttpServiceTest.swift in Sources */,
				7AA966462A73C67000F02E00 /* TestParameter.swift in Sources */,
			);
			runOnlyForDeploymentPostprocessing = 0;
		};
		7A7986022A6B78AE00077E24 /* Sources */ = {
			isa = PBXSourcesBuildPhase;
			buildActionMask = 2147483647;
			files = (
				7A9940022A814BB2003B6D3A /* skywatch_pretestUITestsLaunchTests.swift in Sources */,
				7A993FFC2A80FD9C003B6D3A /* TestParameter.swift in Sources */,
				7A9940032A814BB2003B6D3A /* skywatch_pretestUITests.swift in Sources */,
			);
			runOnlyForDeploymentPostprocessing = 0;
		};
/* End PBXSourcesBuildPhase section */

/* Begin PBXTargetDependency section */
		7A7985FE2A6B78AE00077E24 /* PBXTargetDependency */ = {
			isa = PBXTargetDependency;
			target = 7A7985E52A6B78AD00077E24 /* skywatch_pretest */;
			targetProxy = 7A7985FD2A6B78AE00077E24 /* PBXContainerItemProxy */;
		};
		7A7986082A6B78AE00077E24 /* PBXTargetDependency */ = {
			isa = PBXTargetDependency;
			target = 7A7985E52A6B78AD00077E24 /* skywatch_pretest */;
			targetProxy = 7A7986072A6B78AE00077E24 /* PBXContainerItemProxy */;
		};
		7AC653E92A8DB9B100EC09CC /* PBXTargetDependency */ = {
			isa = PBXTargetDependency;
			productRef = 7AC653E82A8DB9B100EC09CC /* SwiftLintPlugin */;
		};
/* End PBXTargetDependency section */

/* Begin PBXVariantGroup section */
		7A7985EF2A6B78AD00077E24 /* Main.storyboard */ = {
			isa = PBXVariantGroup;
			children = (
				7A7985F02A6B78AD00077E24 /* Base */,
			);
			name = Main.storyboard;
			sourceTree = "<group>";
		};
		7A7985F42A6B78AD00077E24 /* LaunchScreen.storyboard */ = {
			isa = PBXVariantGroup;
			children = (
				7A7985F52A6B78AD00077E24 /* Base */,
			);
			name = LaunchScreen.storyboard;
			sourceTree = "<group>";
		};
/* End PBXVariantGroup section */

/* Begin XCBuildConfiguration section */
		7A79860E2A6B78AE00077E24 /* Debug */ = {
			isa = XCBuildConfiguration;
			buildSettings = {
				ALWAYS_SEARCH_USER_PATHS = NO;
				CLANG_ANALYZER_NONNULL = YES;
				CLANG_ANALYZER_NUMBER_OBJECT_CONVERSION = YES_AGGRESSIVE;
				CLANG_CXX_LANGUAGE_STANDARD = "gnu++20";
				CLANG_ENABLE_MODULES = YES;
				CLANG_ENABLE_OBJC_ARC = YES;
				CLANG_ENABLE_OBJC_WEAK = YES;
				CLANG_WARN_BLOCK_CAPTURE_AUTORELEASING = YES;
				CLANG_WARN_BOOL_CONVERSION = YES;
				CLANG_WARN_COMMA = YES;
				CLANG_WARN_CONSTANT_CONVERSION = YES;
				CLANG_WARN_DEPRECATED_OBJC_IMPLEMENTATIONS = YES;
				CLANG_WARN_DIRECT_OBJC_ISA_USAGE = YES_ERROR;
				CLANG_WARN_DOCUMENTATION_COMMENTS = YES;
				CLANG_WARN_EMPTY_BODY = YES;
				CLANG_WARN_ENUM_CONVERSION = YES;
				CLANG_WARN_INFINITE_RECURSION = YES;
				CLANG_WARN_INT_CONVERSION = YES;
				CLANG_WARN_NON_LITERAL_NULL_CONVERSION = YES;
				CLANG_WARN_OBJC_IMPLICIT_RETAIN_SELF = YES;
				CLANG_WARN_OBJC_LITERAL_CONVERSION = YES;
				CLANG_WARN_OBJC_ROOT_CLASS = YES_ERROR;
				CLANG_WARN_QUOTED_INCLUDE_IN_FRAMEWORK_HEADER = YES;
				CLANG_WARN_RANGE_LOOP_ANALYSIS = YES;
				CLANG_WARN_STRICT_PROTOTYPES = YES;
				CLANG_WARN_SUSPICIOUS_MOVE = YES;
				CLANG_WARN_UNGUARDED_AVAILABILITY = YES_AGGRESSIVE;
				CLANG_WARN_UNREACHABLE_CODE = YES;
				CLANG_WARN__DUPLICATE_METHOD_MATCH = YES;
				COPY_PHASE_STRIP = NO;
				DEBUG_INFORMATION_FORMAT = dwarf;
				ENABLE_STRICT_OBJC_MSGSEND = YES;
				ENABLE_TESTABILITY = YES;
				GCC_C_LANGUAGE_STANDARD = gnu11;
				GCC_DYNAMIC_NO_PIC = NO;
				GCC_NO_COMMON_BLOCKS = YES;
				GCC_OPTIMIZATION_LEVEL = 0;
				GCC_PREPROCESSOR_DEFINITIONS = (
					"DEBUG=1",
					"$(inherited)",
				);
				GCC_WARN_64_TO_32_BIT_CONVERSION = YES;
				GCC_WARN_ABOUT_RETURN_TYPE = YES_ERROR;
				GCC_WARN_UNDECLARED_SELECTOR = YES;
				GCC_WARN_UNINITIALIZED_AUTOS = YES_AGGRESSIVE;
				GCC_WARN_UNUSED_FUNCTION = YES;
				GCC_WARN_UNUSED_VARIABLE = YES;
				IPHONEOS_DEPLOYMENT_TARGET = 16.4;
				MTL_ENABLE_DEBUG_INFO = INCLUDE_SOURCE;
				MTL_FAST_MATH = YES;
				ONLY_ACTIVE_ARCH = YES;
				SDKROOT = iphoneos;
				SWIFT_ACTIVE_COMPILATION_CONDITIONS = DEBUG;
				SWIFT_OPTIMIZATION_LEVEL = "-Onone";
			};
			name = Debug;
		};
		7A79860F2A6B78AE00077E24 /* Release */ = {
			isa = XCBuildConfiguration;
			buildSettings = {
				ALWAYS_SEARCH_USER_PATHS = NO;
				CLANG_ANALYZER_NONNULL = YES;
				CLANG_ANALYZER_NUMBER_OBJECT_CONVERSION = YES_AGGRESSIVE;
				CLANG_CXX_LANGUAGE_STANDARD = "gnu++20";
				CLANG_ENABLE_MODULES = YES;
				CLANG_ENABLE_OBJC_ARC = YES;
				CLANG_ENABLE_OBJC_WEAK = YES;
				CLANG_WARN_BLOCK_CAPTURE_AUTORELEASING = YES;
				CLANG_WARN_BOOL_CONVERSION = YES;
				CLANG_WARN_COMMA = YES;
				CLANG_WARN_CONSTANT_CONVERSION = YES;
				CLANG_WARN_DEPRECATED_OBJC_IMPLEMENTATIONS = YES;
				CLANG_WARN_DIRECT_OBJC_ISA_USAGE = YES_ERROR;
				CLANG_WARN_DOCUMENTATION_COMMENTS = YES;
				CLANG_WARN_EMPTY_BODY = YES;
				CLANG_WARN_ENUM_CONVERSION = YES;
				CLANG_WARN_INFINITE_RECURSION = YES;
				CLANG_WARN_INT_CONVERSION = YES;
				CLANG_WARN_NON_LITERAL_NULL_CONVERSION = YES;
				CLANG_WARN_OBJC_IMPLICIT_RETAIN_SELF = YES;
				CLANG_WARN_OBJC_LITERAL_CONVERSION = YES;
				CLANG_WARN_OBJC_ROOT_CLASS = YES_ERROR;
				CLANG_WARN_QUOTED_INCLUDE_IN_FRAMEWORK_HEADER = YES;
				CLANG_WARN_RANGE_LOOP_ANALYSIS = YES;
				CLANG_WARN_STRICT_PROTOTYPES = YES;
				CLANG_WARN_SUSPICIOUS_MOVE = YES;
				CLANG_WARN_UNGUARDED_AVAILABILITY = YES_AGGRESSIVE;
				CLANG_WARN_UNREACHABLE_CODE = YES;
				CLANG_WARN__DUPLICATE_METHOD_MATCH = YES;
				COPY_PHASE_STRIP = NO;
				DEBUG_INFORMATION_FORMAT = "dwarf-with-dsym";
				ENABLE_NS_ASSERTIONS = NO;
				ENABLE_STRICT_OBJC_MSGSEND = YES;
				GCC_C_LANGUAGE_STANDARD = gnu11;
				GCC_NO_COMMON_BLOCKS = YES;
				GCC_WARN_64_TO_32_BIT_CONVERSION = YES;
				GCC_WARN_ABOUT_RETURN_TYPE = YES_ERROR;
				GCC_WARN_UNDECLARED_SELECTOR = YES;
				GCC_WARN_UNINITIALIZED_AUTOS = YES_AGGRESSIVE;
				GCC_WARN_UNUSED_FUNCTION = YES;
				GCC_WARN_UNUSED_VARIABLE = YES;
				IPHONEOS_DEPLOYMENT_TARGET = 16.4;
				MTL_ENABLE_DEBUG_INFO = NO;
				MTL_FAST_MATH = YES;
				SDKROOT = iphoneos;
				SWIFT_COMPILATION_MODE = wholemodule;
				SWIFT_OPTIMIZATION_LEVEL = "-O";
				VALIDATE_PRODUCT = YES;
			};
			name = Release;
		};
		7A7986112A6B78AE00077E24 /* Debug */ = {
			isa = XCBuildConfiguration;
			buildSettings = {
				ASSETCATALOG_COMPILER_APPICON_NAME = AppIcon;
				ASSETCATALOG_COMPILER_GLOBAL_ACCENT_COLOR_NAME = AccentColor;
				CODE_SIGN_STYLE = Automatic;
				CURRENT_PROJECT_VERSION = 1;
				DEVELOPMENT_TEAM = WXL2529DMH;
				GENERATE_INFOPLIST_FILE = YES;
				INFOPLIST_FILE = skywatch_pretest/Info.plist;
				INFOPLIST_KEY_UIApplicationSupportsIndirectInputEvents = YES;
				INFOPLIST_KEY_UILaunchStoryboardName = LaunchScreen;
				INFOPLIST_KEY_UIMainStoryboardFile = Main;
				INFOPLIST_KEY_UISupportedInterfaceOrientations_iPad = "UIInterfaceOrientationPortrait UIInterfaceOrientationPortraitUpsideDown UIInterfaceOrientationLandscapeLeft UIInterfaceOrientationLandscapeRight";
				INFOPLIST_KEY_UISupportedInterfaceOrientations_iPhone = "UIInterfaceOrientationPortrait UIInterfaceOrientationLandscapeLeft UIInterfaceOrientationLandscapeRight";
				IPHONEOS_DEPLOYMENT_TARGET = 15.0;
				LD_RUNPATH_SEARCH_PATHS = (
					"$(inherited)",
					"@executable_path/Frameworks",
				);
				MARKETING_VERSION = 1.0;
				PRODUCT_BUNDLE_IDENTIFIER = "com.skywatch-pretest";
				PRODUCT_NAME = "$(TARGET_NAME)";
				SWIFT_EMIT_LOC_STRINGS = YES;
				SWIFT_VERSION = 5.0;
				TARGETED_DEVICE_FAMILY = "1,2";
			};
			name = Debug;
		};
		7A7986122A6B78AE00077E24 /* Release */ = {
			isa = XCBuildConfiguration;
			buildSettings = {
				ASSETCATALOG_COMPILER_APPICON_NAME = AppIcon;
				ASSETCATALOG_COMPILER_GLOBAL_ACCENT_COLOR_NAME = AccentColor;
				CODE_SIGN_STYLE = Automatic;
				CURRENT_PROJECT_VERSION = 1;
				DEVELOPMENT_TEAM = WXL2529DMH;
				GENERATE_INFOPLIST_FILE = YES;
				INFOPLIST_FILE = skywatch_pretest/Info.plist;
				INFOPLIST_KEY_UIApplicationSupportsIndirectInputEvents = YES;
				INFOPLIST_KEY_UILaunchStoryboardName = LaunchScreen;
				INFOPLIST_KEY_UIMainStoryboardFile = Main;
				INFOPLIST_KEY_UISupportedInterfaceOrientations_iPad = "UIInterfaceOrientationPortrait UIInterfaceOrientationPortraitUpsideDown UIInterfaceOrientationLandscapeLeft UIInterfaceOrientationLandscapeRight";
				INFOPLIST_KEY_UISupportedInterfaceOrientations_iPhone = "UIInterfaceOrientationPortrait UIInterfaceOrientationLandscapeLeft UIInterfaceOrientationLandscapeRight";
				IPHONEOS_DEPLOYMENT_TARGET = 15.0;
				LD_RUNPATH_SEARCH_PATHS = (
					"$(inherited)",
					"@executable_path/Frameworks",
				);
				MARKETING_VERSION = 1.0;
				PRODUCT_BUNDLE_IDENTIFIER = "com.skywatch-pretest";
				PRODUCT_NAME = "$(TARGET_NAME)";
				SWIFT_EMIT_LOC_STRINGS = YES;
				SWIFT_VERSION = 5.0;
				TARGETED_DEVICE_FAMILY = "1,2";
			};
			name = Release;
		};
		7A7986142A6B78AE00077E24 /* Debug */ = {
			isa = XCBuildConfiguration;
			buildSettings = {
				ALWAYS_EMBED_SWIFT_STANDARD_LIBRARIES = YES;
				BUNDLE_LOADER = "$(TEST_HOST)";
				CODE_SIGN_STYLE = Automatic;
				CURRENT_PROJECT_VERSION = 1;
				DEVELOPMENT_TEAM = WXL2529DMH;
				GENERATE_INFOPLIST_FILE = YES;
				IPHONEOS_DEPLOYMENT_TARGET = 15.0;
				MARKETING_VERSION = 1.0;
				PRODUCT_BUNDLE_IDENTIFIER = "com.skywatch-pretestTests";
				PRODUCT_NAME = "$(TARGET_NAME)";
				SWIFT_EMIT_LOC_STRINGS = NO;
				SWIFT_VERSION = 5.0;
				TARGETED_DEVICE_FAMILY = "1,2";
				TEST_HOST = "$(BUILT_PRODUCTS_DIR)/skywatch_pretest.app/$(BUNDLE_EXECUTABLE_FOLDER_PATH)/skywatch_pretest";
			};
			name = Debug;
		};
		7A7986152A6B78AE00077E24 /* Release */ = {
			isa = XCBuildConfiguration;
			buildSettings = {
				ALWAYS_EMBED_SWIFT_STANDARD_LIBRARIES = YES;
				BUNDLE_LOADER = "$(TEST_HOST)";
				CODE_SIGN_STYLE = Automatic;
				CURRENT_PROJECT_VERSION = 1;
				DEVELOPMENT_TEAM = WXL2529DMH;
				GENERATE_INFOPLIST_FILE = YES;
				IPHONEOS_DEPLOYMENT_TARGET = 15.0;
				MARKETING_VERSION = 1.0;
				PRODUCT_BUNDLE_IDENTIFIER = "com.skywatch-pretestTests";
				PRODUCT_NAME = "$(TARGET_NAME)";
				SWIFT_EMIT_LOC_STRINGS = NO;
				SWIFT_VERSION = 5.0;
				TARGETED_DEVICE_FAMILY = "1,2";
				TEST_HOST = "$(BUILT_PRODUCTS_DIR)/skywatch_pretest.app/$(BUNDLE_EXECUTABLE_FOLDER_PATH)/skywatch_pretest";
			};
			name = Release;
		};
		7A7986172A6B78AE00077E24 /* Debug */ = {
			isa = XCBuildConfiguration;
			buildSettings = {
				ALWAYS_EMBED_SWIFT_STANDARD_LIBRARIES = YES;
				CODE_SIGN_STYLE = Automatic;
				CURRENT_PROJECT_VERSION = 1;
				DEVELOPMENT_TEAM = WXL2529DMH;
				GENERATE_INFOPLIST_FILE = YES;
				IPHONEOS_DEPLOYMENT_TARGET = 15.0;
				MARKETING_VERSION = 1.0;
				PRODUCT_BUNDLE_IDENTIFIER = "com.skywatch-pretestUITests";
				PRODUCT_NAME = "$(TARGET_NAME)";
				SWIFT_EMIT_LOC_STRINGS = NO;
				SWIFT_VERSION = 5.0;
				TARGETED_DEVICE_FAMILY = "1,2";
				TEST_TARGET_NAME = skywatch_pretest;
			};
			name = Debug;
		};
		7A7986182A6B78AE00077E24 /* Release */ = {
			isa = XCBuildConfiguration;
			buildSettings = {
				ALWAYS_EMBED_SWIFT_STANDARD_LIBRARIES = YES;
				CODE_SIGN_STYLE = Automatic;
				CURRENT_PROJECT_VERSION = 1;
				DEVELOPMENT_TEAM = WXL2529DMH;
				GENERATE_INFOPLIST_FILE = YES;
				IPHONEOS_DEPLOYMENT_TARGET = 15.0;
				MARKETING_VERSION = 1.0;
				PRODUCT_BUNDLE_IDENTIFIER = "com.skywatch-pretestUITests";
				PRODUCT_NAME = "$(TARGET_NAME)";
				SWIFT_EMIT_LOC_STRINGS = NO;
				SWIFT_VERSION = 5.0;
				TARGETED_DEVICE_FAMILY = "1,2";
				TEST_TARGET_NAME = skywatch_pretest;
			};
			name = Release;
		};
/* End XCBuildConfiguration section */

/* Begin XCConfigurationList section */
		7A7985E12A6B78AD00077E24 /* Build configuration list for PBXProject "skywatch_pretest" */ = {
			isa = XCConfigurationList;
			buildConfigurations = (
				7A79860E2A6B78AE00077E24 /* Debug */,
				7A79860F2A6B78AE00077E24 /* Release */,
			);
			defaultConfigurationIsVisible = 0;
			defaultConfigurationName = Release;
		};
		7A7986102A6B78AE00077E24 /* Build configuration list for PBXNativeTarget "skywatch_pretest" */ = {
			isa = XCConfigurationList;
			buildConfigurations = (
				7A7986112A6B78AE00077E24 /* Debug */,
				7A7986122A6B78AE00077E24 /* Release */,
			);
			defaultConfigurationIsVisible = 0;
			defaultConfigurationName = Release;
		};
		7A7986132A6B78AE00077E24 /* Build configuration list for PBXNativeTarget "skywatch_pretestTests" */ = {
			isa = XCConfigurationList;
			buildConfigurations = (
				7A7986142A6B78AE00077E24 /* Debug */,
				7A7986152A6B78AE00077E24 /* Release */,
			);
			defaultConfigurationIsVisible = 0;
			defaultConfigurationName = Release;
		};
		7A7986162A6B78AE00077E24 /* Build configuration list for PBXNativeTarget "skywatch_pretestUITests" */ = {
			isa = XCConfigurationList;
			buildConfigurations = (
				7A7986172A6B78AE00077E24 /* Debug */,
				7A7986182A6B78AE00077E24 /* Release */,
			);
			defaultConfigurationIsVisible = 0;
			defaultConfigurationName = Release;
		};
/* End XCConfigurationList section */

/* Begin XCRemoteSwiftPackageReference section */
		7A7986192A6B79CC00077E24 /* XCRemoteSwiftPackageReference "youtube-ios-player-helper" */ = {
			isa = XCRemoteSwiftPackageReference;
			repositoryURL = "https://github.com/youtube/youtube-ios-player-helper.git";
			requirement = {
				kind = upToNextMajorVersion;
				minimumVersion = 1.0.0;
			};
		};
		7A993FF02A80D528003B6D3A /* XCRemoteSwiftPackageReference "swift-crypto" */ = {
			isa = XCRemoteSwiftPackageReference;
			repositoryURL = "https://github.com/apple/swift-crypto.git";
			requirement = {
				kind = upToNextMajorVersion;
				minimumVersion = 2.0.0;
			};
		};
		7AA9661C2A6E562200F02E00 /* XCRemoteSwiftPackageReference "SnapKit" */ = {
			isa = XCRemoteSwiftPackageReference;
			repositoryURL = "https://github.com/SnapKit/SnapKit.git";
			requirement = {
				kind = upToNextMajorVersion;
				minimumVersion = 5.0.0;
			};
		};
		7AA966212A6E82CB00F02E00 /* XCRemoteSwiftPackageReference "MJRefresh" */ = {
			isa = XCRemoteSwiftPackageReference;
			repositoryURL = "https://github.com/CoderMJLee/MJRefresh";
			requirement = {
				kind = upToNextMajorVersion;
				minimumVersion = 3.0.0;
			};
		};
		7AC653E72A8DB99A00EC09CC /* XCRemoteSwiftPackageReference "SwiftLint" */ = {
			isa = XCRemoteSwiftPackageReference;
			repositoryURL = "https://github.com/realm/SwiftLint";
			requirement = {
				kind = upToNextMajorVersion;
				minimumVersion = 0.52.4;
			};
		};
/* End XCRemoteSwiftPackageReference section */

/* Begin XCSwiftPackageProductDependency section */
		7A79861A2A6B79CC00077E24 /* YouTubeiOSPlayerHelper */ = {
			isa = XCSwiftPackageProductDependency;
			package = 7A7986192A6B79CC00077E24 /* XCRemoteSwiftPackageReference "youtube-ios-player-helper" */;
			productName = YouTubeiOSPlayerHelper;
		};
		7A993FF12A80D528003B6D3A /* Crypto */ = {
			isa = XCSwiftPackageProductDependency;
			package = 7A993FF02A80D528003B6D3A /* XCRemoteSwiftPackageReference "swift-crypto" */;
			productName = Crypto;
		};
		7A993FF72A80F527003B6D3A /* YouTubeiOSPlayerHelper */ = {
			isa = XCSwiftPackageProductDependency;
			package = 7A7986192A6B79CC00077E24 /* XCRemoteSwiftPackageReference "youtube-ios-player-helper" */;
			productName = YouTubeiOSPlayerHelper;
		};
		7A993FF92A80F52C003B6D3A /* MJRefresh */ = {
			isa = XCSwiftPackageProductDependency;
			package = 7AA966212A6E82CB00F02E00 /* XCRemoteSwiftPackageReference "MJRefresh" */;
			productName = MJRefresh;
		};
		7AA9661D2A6E562200F02E00 /* SnapKit */ = {
			isa = XCSwiftPackageProductDependency;
			package = 7AA9661C2A6E562200F02E00 /* XCRemoteSwiftPackageReference "SnapKit" */;
			productName = SnapKit;
		};
		7AA966222A6E82CB00F02E00 /* MJRefresh */ = {
			isa = XCSwiftPackageProductDependency;
			package = 7AA966212A6E82CB00F02E00 /* XCRemoteSwiftPackageReference "MJRefresh" */;
			productName = MJRefresh;
		};
		7AA966342A72836400F02E00 /* MJRefresh */ = {
			isa = XCSwiftPackageProductDependency;
			package = 7AA966212A6E82CB00F02E00 /* XCRemoteSwiftPackageReference "MJRefresh" */;
			productName = MJRefresh;
		};
		7AA966512A77569700F02E00 /* YouTubeiOSPlayerHelper */ = {
			isa = XCSwiftPackageProductDependency;
			package = 7A7986192A6B79CC00077E24 /* XCRemoteSwiftPackageReference "youtube-ios-player-helper" */;
			productName = YouTubeiOSPlayerHelper;
		};
		7AC653E82A8DB9B100EC09CC /* SwiftLintPlugin */ = {
			isa = XCSwiftPackageProductDependency;
			package = 7AC653E72A8DB99A00EC09CC /* XCRemoteSwiftPackageReference "SwiftLint" */;
			productName = "plugin:SwiftLintPlugin";
		};
/* End XCSwiftPackageProductDependency section */
	};
	rootObject = 7A7985DE2A6B78AD00077E24 /* Project object */;
}
